
Microsoft Visual Studio Solution File, Format Version 12.00
# Visual Studio 15
Project("{FAE04EC0-301F-11D3-BF4B-00C04F79EFBC}") = "weather.Android", "weather.Android\weather.Android.csproj", "{EBEC0DE3-CFFC-4153-A187-44FA84B9DEB9}"
EndProject
Project("{FAE04EC0-301F-11D3-BF4B-00C04F79EFBC}") = "weather.iOS", "weather.iOS\weather.iOS.csproj", "{084B95C4-8788-4230-8F4B-8514E1E54D32}"
EndProject
Project("{FAE04EC0-301F-11D3-BF4B-00C04F79EFBC}") = "weather", "weather\weather.csproj", "{82C43C88-71BD-4735-8667-9C9750D3D940}"
EndProject
Global
	GlobalSection(SolutionConfigurationPlatforms) = preSolution
		Debug|Any CPU = Debug|Any CPU
		Release|Any CPU = Release|Any CPU
		Debug|iPhoneSimulator = Debug|iPhoneSimulator
		Release|iPhoneSimulator = Release|iPhoneSimulator
		Debug|iPhone = Debug|iPhone
		Release|iPhone = Release|iPhone
	EndGlobalSection
	GlobalSection(ProjectConfigurationPlatforms) = postSolution
		{EBEC0DE3-CFFC-4153-A187-44FA84B9DEB9}.Debug|Any CPU.ActiveCfg = Debug|Any CPU
		{EBEC0DE3-CFFC-4153-A187-44FA84B9DEB9}.Debug|Any CPU.Build.0 = Debug|Any CPU
		{EBEC0DE3-CFFC-4153-A187-44FA84B9DEB9}.Release|Any CPU.ActiveCfg = Release|Any CPU
		{EBEC0DE3-CFFC-4153-A187-44FA84B9DEB9}.Release|Any CPU.Build.0 = Release|Any CPU
		{EBEC0DE3-CFFC-4153-A187-44FA84B9DEB9}.Debug|iPhoneSimulator.ActiveCfg = Debug|Any CPU
		{EBEC0DE3-CFFC-4153-A187-44FA84B9DEB9}.Debug|iPhoneSimulator.Build.0 = Debug|Any CPU
		{EBEC0DE3-CFFC-4153-A187-44FA84B9DEB9}.Release|iPhoneSimulator.ActiveCfg = Release|Any CPU
		{EBEC0DE3-CFFC-4153-A187-44FA84B9DEB9}.Release|iPhoneSimulator.Build.0 = Release|Any CPU
		{EBEC0DE3-CFFC-4153-A187-44FA84B9DEB9}.Debug|iPhone.ActiveCfg = Debug|Any CPU
		{EBEC0DE3-CFFC-4153-A187-44FA84B9DEB9}.Debug|iPhone.Build.0 = Debug|Any CPU
		{EBEC0DE3-CFFC-4153-A187-44FA84B9DEB9}.Release|iPhone.ActiveCfg = Release|Any CPU
		{EBEC0DE3-CFFC-4153-A187-44FA84B9DEB9}.Release|iPhone.Build.0 = Release|Any CPU
		{084B95C4-8788-4230-8F4B-8514E1E54D32}.Debug|Any CPU.ActiveCfg = Debug|iPhoneSimulator
		{084B95C4-8788-4230-8F4B-8514E1E54D32}.Debug|Any CPU.Build.0 = Debug|iPhoneSimulator
		{084B95C4-8788-4230-8F4B-8514E1E54D32}.Release|Any CPU.ActiveCfg = Release|iPhoneSimulator
		{084B95C4-8788-4230-8F4B-8514E1E54D32}.Release|Any CPU.Build.0 = Release|iPhoneSimulator
		{084B95C4-8788-4230-8F4B-8514E1E54D32}.Debug|iPhoneSimulator.ActiveCfg = Debug|iPhoneSimulator
		{084B95C4-8788-4230-8F4B-8514E1E54D32}.Debug|iPhoneSimulator.Build.0 = Debug|iPhoneSimulator
		{084B95C4-8788-4230-8F4B-8514E1E54D32}.Release|iPhoneSimulator.ActiveCfg = Release|iPhoneSimulator
		{084B95C4-8788-4230-8F4B-8514E1E54D32}.Release|iPhoneSimulator.Build.0 = Release|iPhoneSimulator
		{084B95C4-8788-4230-8F4B-8514E1E54D32}.Debug|iPhone.ActiveCfg = Debug|iPhone
		{084B95C4-8788-4230-8F4B-8514E1E54D32}.Debug|iPhone.Build.0 = Debug|iPhone
		{084B95C4-8788-4230-8F4B-8514E1E54D32}.Release|iPhone.ActiveCfg = Release|iPhone
		{084B95C4-8788-4230-8F4B-8514E1E54D32}.Release|iPhone.Build.0 = Release|iPhone
		{82C43C88-71BD-4735-8667-9C9750D3D940}.Debug|Any CPU.ActiveCfg = Debug|Any CPU
		{82C43C88-71BD-4735-8667-9C9750D3D940}.Debug|Any CPU.Build.0 = Debug|Any CPU
		{82C43C88-71BD-4735-8667-9C9750D3D940}.Release|Any CPU.ActiveCfg = Release|Any CPU
		{82C43C88-71BD-4735-8667-9C9750D3D940}.Release|Any CPU.Build.0 = Release|Any CPU
		{82C43C88-71BD-4735-8667-9C9750D3D940}.Debug|iPhoneSimulator.ActiveCfg = Debug|Any CPU
		{82C43C88-71BD-4735-8667-9C9750D3D940}.Debug|iPhoneSimulator.Build.0 = Debug|Any CPU
		{82C43C88-71BD-4735-8667-9C9750D3D940}.Release|iPhoneSimulator.ActiveCfg = Release|Any CPU
		{82C43C88-71BD-4735-8667-9C9750D3D940}.Release|iPhoneSimulator.Build.0 = Release|Any CPU
		{82C43C88-71BD-4735-8667-9C9750D3D940}.Debug|iPhone.ActiveCfg = Debug|Any CPU
		{82C43C88-71BD-4735-8667-9C9750D3D940}.Debug|iPhone.Build.0 = Debug|Any CPU
		{82C43C88-71BD-4735-8667-9C9750D3D940}.Release|iPhone.ActiveCfg = Release|Any CPU
		{82C43C88-71BD-4735-8667-9C9750D3D940}.Release|iPhone.Build.0 = Release|Any CPU
	EndGlobalSection
EndGlobal
